
Microsoft Visual Studio Solution File, Format Version 12.00
# Visual Studio Version 17
VisualStudioVersion = 17.9.34616.47
MinimumVisualStudioVersion = 10.0.40219.1
Project("{FAE04EC0-301F-11D3-BF4B-00C04F79EFBC}") = "WinFormsApp2", "WinFormsApp2\WinFormsApp2.csproj", "{EDC079C6-07AB-4422-B181-32EE8F020FDD}"
EndProject
Global
	GlobalSection(SolutionConfigurationPlatforms) = preSolution
		Debug|Any CPU = Debug|Any CPU
		Release|Any CPU = Release|Any CPU
	EndGlobalSection
	GlobalSection(ProjectConfigurationPlatforms) = postSolution
		{EDC079C6-07AB-4422-B181-32EE8F020FDD}.Debug|Any CPU.ActiveCfg = Debug|Any CPU
		{EDC079C6-07AB-4422-B181-32EE8F020FDD}.Debug|Any CPU.Build.0 = Debug|Any CPU
		{EDC079C6-07AB-4422-B181-32EE8F020FDD}.Release|Any CPU.ActiveCfg = Release|Any CPU
		{EDC079C6-07AB-4422-B181-32EE8F020FDD}.Release|Any CPU.Build.0 = Release|Any CPU
	EndGlobalSection
	GlobalSection(SolutionProperties) = preSolution
		HideSolutionNode = FALSE
	EndGlobalSection
	GlobalSection(ExtensibilityGlobals) = postSolution
		SolutionGuid = {8267DDAF-88E3-4EF5-936A-9540A9E72F0D}
	EndGlobalSection
EndGlobal
